
Microsoft Visual Studio Solution File, Format Version 12.00
# Visual Studio Version 16
VisualStudioVersion = 16.0.29519.181
MinimumVisualStudioVersion = 10.0.40219.1
Project("{FAE04EC0-301F-11D3-BF4B-00C04F79EFBC}") = "ProjektZaliczeniowy_Wyrażenie_Ułamkowe", "ProjektZaliczeniowy_Wyrażenie_Ułamkowe\ProjektZaliczeniowy_Wyrażenie_Ułamkowe.csproj", "{5A19667A-AB0D-4EC5-B444-28541750F407}"
EndProject
Global
	GlobalSection(SolutionConfigurationPlatforms) = preSolution
		Debug|Any CPU = Debug|Any CPU
		Release|Any CPU = Release|Any CPU
	EndGlobalSection
	GlobalSection(ProjectConfigurationPlatforms) = postSolution
		{5A19667A-AB0D-4EC5-B444-28541750F407}.Debug|Any CPU.ActiveCfg = Debug|Any CPU
		{5A19667A-AB0D-4EC5-B444-28541750F407}.Debug|Any CPU.Build.0 = Debug|Any CPU
		{5A19667A-AB0D-4EC5-B444-28541750F407}.Release|Any CPU.ActiveCfg = Release|Any CPU
		{5A19667A-AB0D-4EC5-B444-28541750F407}.Release|Any CPU.Build.0 = Release|Any CPU
	EndGlobalSection
	GlobalSection(SolutionProperties) = preSolution
		HideSolutionNode = FALSE
	EndGlobalSection
	GlobalSection(ExtensibilityGlobals) = postSolution
		SolutionGuid = {6664BE0D-5885-46D3-9E9D-6520AE2C7481}
	EndGlobalSection
EndGlobal
